// !$*UTF8*$!
{
	archiveVersion = 1;
	classes = {
	};
	objectVersion = 46;
	objects = {

/* Begin PBXBuildFile section */
		E50162FE173E537600E1E748 /* icon.png in Resources */ = {isa = PBXBuildFile; fileRef = E50162FD173E537600E1E748 /* icon.png */; };
		E5016300173E538900E1E748 /* icon@2x.png in Resources */ = {isa = PBXBuildFile; fileRef = E50162FF173E538900E1E748 /* icon@2x.png */; };
		E5016302173E539F00E1E748 /* icon72.png in Resources */ = {isa = PBXBuildFile; fileRef = E5016301173E539F00E1E748 /* icon72.png */; };
		E5016304173E53B100E1E748 /* icon144.png in Resources */ = {isa = PBXBuildFile; fileRef = E5016303173E53B100E1E748 /* icon144.png */; };
		E506907A17324E53001A8F56 /* Game.m in Sources */ = {isa = PBXBuildFile; fileRef = E506907917324E53001A8F56 /* Game.m */; };
		E506907D17325E7B001A8F56 /* League.m in Sources */ = {isa = PBXBuildFile; fileRef = E506907C17325E7B001A8F56 /* League.m */; };
		E506908017326265001A8F56 /* NSObject+CommonInit.m in Sources */ = {isa = PBXBuildFile; fileRef = E506907F17326265001A8F56 /* NSObject+CommonInit.m */; };
		E506908617326C62001A8F56 /* TeamsViewController.m in Sources */ = {isa = PBXBuildFile; fileRef = E506908517326C62001A8F56 /* TeamsViewController.m */; };
		E506908917327A54001A8F56 /* team_tab.png in Resources */ = {isa = PBXBuildFile; fileRef = E506908717327A54001A8F56 /* team_tab.png */; };
		E506908A17327A54001A8F56 /* team_tab@2x.png in Resources */ = {isa = PBXBuildFile; fileRef = E506908817327A54001A8F56 /* team_tab@2x.png */; };
		E506908E1732CD49001A8F56 /* YOAuthUtil.m in Sources */ = {isa = PBXBuildFile; fileRef = E506908D1732CD49001A8F56 /* YOAuthUtil.m */; };
		E50690921732D05C001A8F56 /* Base64Transcoder.c in Sources */ = {isa = PBXBuildFile; fileRef = E50690901732D05C001A8F56 /* Base64Transcoder.c */; };
		E50690951732DD9C001A8F56 /* GTMBase64.m in Sources */ = {isa = PBXBuildFile; fileRef = E50690941732DD9C001A8F56 /* GTMBase64.m */; };
		E51BBEFC172928740043C73D /* CFNetwork.framework in Frameworks */ = {isa = PBXBuildFile; fileRef = E51BBEFB172928740043C73D /* CFNetwork.framework */; };
		E51BBEFF172967570043C73D /* AuthRequest.m in Sources */ = {isa = PBXBuildFile; fileRef = E51BBEFE172967570043C73D /* AuthRequest.m */; };
		E51BBF02172982090043C73D /* AccessToken.m in Sources */ = {isa = PBXBuildFile; fileRef = E51BBF01172982090043C73D /* AccessToken.m */; };
		E51BBF051729A4350043C73D /* HomeViewController.m in Sources */ = {isa = PBXBuildFile; fileRef = E51BBF041729A4350043C73D /* HomeViewController.m */; };
		E53C7DD11728E13B00995604 /* Security.framework in Frameworks */ = {isa = PBXBuildFile; fileRef = E53C7DD01728E13B00995604 /* Security.framework */; };
		E53C7EC21729093400995604 /* NSData+Base64.m in Sources */ = {isa = PBXBuildFile; fileRef = E53C7EC11729093400995604 /* NSData+Base64.m */; };
		E53C7F3C172918F600995604 /* NSString+RegEx.m in Sources */ = {isa = PBXBuildFile; fileRef = E53C7F3B172918F600995604 /* NSString+RegEx.m */; };
		E54C2FE11729B58F005E9502 /* baseball_tab.png in Resources */ = {isa = PBXBuildFile; fileRef = E54C2FDD1729B58F005E9502 /* baseball_tab.png */; };
		E54C2FE21729B58F005E9502 /* baseball_tab@2x.png in Resources */ = {isa = PBXBuildFile; fileRef = E54C2FDE1729B58F005E9502 /* baseball_tab@2x.png */; };
		E54C2FE31729B58F005E9502 /* yahoo_tab.png in Resources */ = {isa = PBXBuildFile; fileRef = E54C2FDF1729B58F005E9502 /* yahoo_tab.png */; };
		E54C2FE41729B58F005E9502 /* yahoo_tab@2x.png in Resources */ = {isa = PBXBuildFile; fileRef = E54C2FE01729B58F005E9502 /* yahoo_tab@2x.png */; };
		E54C2FEB1729B7F3005E9502 /* baseball_ball_tab.png in Resources */ = {isa = PBXBuildFile; fileRef = E54C2FE51729B7F3005E9502 /* baseball_ball_tab.png */; };
		E54C2FEC1729B7F3005E9502 /* baseball_ball_tab@2x.png in Resources */ = {isa = PBXBuildFile; fileRef = E54C2FE61729B7F3005E9502 /* baseball_ball_tab@2x.png */; };
		E54C2FED1729B7F3005E9502 /* stats_tab.png in Resources */ = {isa = PBXBuildFile; fileRef = E54C2FE71729B7F3005E9502 /* stats_tab.png */; };
		E54C2FEE1729B7F3005E9502 /* stats_tab@2x.png in Resources */ = {isa = PBXBuildFile; fileRef = E54C2FE81729B7F3005E9502 /* stats_tab@2x.png */; };
		E54C2FEF1729B7F3005E9502 /* trophy_tab.png in Resources */ = {isa = PBXBuildFile; fileRef = E54C2FE91729B7F3005E9502 /* trophy_tab.png */; };
		E54C2FF01729B7F3005E9502 /* trophy_tab@2x.png in Resources */ = {isa = PBXBuildFile; fileRef = E54C2FEA1729B7F3005E9502 /* trophy_tab@2x.png */; };
		E54C300C1729C171005E9502 /* scoreboard_tab.png in Resources */ = {isa = PBXBuildFile; fileRef = E54C300A1729C171005E9502 /* scoreboard_tab.png */; };
		E54C300D1729C171005E9502 /* scoreboard_tab@2x.png in Resources */ = {isa = PBXBuildFile; fileRef = E54C300B1729C171005E9502 /* scoreboard_tab@2x.png */; };
		E54C30101729C2FC005E9502 /* ScoreboardViewController.m in Sources */ = {isa = PBXBuildFile; fileRef = E54C300F1729C2FC005E9502 /* ScoreboardViewController.m */; };
		E54C30131729C307005E9502 /* MyTeamViewController.m in Sources */ = {isa = PBXBuildFile; fileRef = E54C30121729C307005E9502 /* MyTeamViewController.m */; };
		E54C30161729C316005E9502 /* StandingsViewController.m in Sources */ = {isa = PBXBuildFile; fileRef = E54C30151729C316005E9502 /* StandingsViewController.m */; };
		E54C30191729C32D005E9502 /* LeagueViewController.m in Sources */ = {isa = PBXBuildFile; fileRef = E54C30181729C32C005E9502 /* LeagueViewController.m */; };
		E54C301C1729C341005E9502 /* MyRosterViewController.m in Sources */ = {isa = PBXBuildFile; fileRef = E54C301B1729C341005E9502 /* MyRosterViewController.m */; };
		E54C301F1729C44F005E9502 /* StatsViewController.m in Sources */ = {isa = PBXBuildFile; fileRef = E54C301E1729C44F005E9502 /* StatsViewController.m */; };
		E54C30221729C791005E9502 /* roster_tab.png in Resources */ = {isa = PBXBuildFile; fileRef = E54C30201729C791005E9502 /* roster_tab.png */; };
		E54C30231729C791005E9502 /* roster_tab@2x.png in Resources */ = {isa = PBXBuildFile; fileRef = E54C30211729C791005E9502 /* roster_tab@2x.png */; };
		E54C30261729CD8F005E9502 /* home_tab.png in Resources */ = {isa = PBXBuildFile; fileRef = E54C30241729CD8F005E9502 /* home_tab.png */; };
		E54C30271729CD8F005E9502 /* home_tab@2x.png in Resources */ = {isa = PBXBuildFile; fileRef = E54C30251729CD8F005E9502 /* home_tab@2x.png */; };
		E54C302A1729D484005E9502 /* Team.m in Sources */ = {isa = PBXBuildFile; fileRef = E54C30291729D483005E9502 /* Team.m */; };
		E54C302D1729D859005E9502 /* Player.m in Sources */ = {isa = PBXBuildFile; fileRef = E54C302C1729D859005E9502 /* Player.m */; };
		E54C30311729F105005E9502 /* CircleView.m in Sources */ = {isa = PBXBuildFile; fileRef = E54C30301729F105005E9502 /* CircleView.m */; };
		E54C30351729F87C005E9502 /* PlayerCell.m in Sources */ = {isa = PBXBuildFile; fileRef = E54C30341729F87C005E9502 /* PlayerCell.m */; };
		E54C30391729FEA6005E9502 /* UIImageView+AFNetworking.m in Sources */ = {isa = PBXBuildFile; fileRef = E54C30381729FEA6005E9502 /* UIImageView+AFNetworking.m */; };
		E54C303C1729FEC1005E9502 /* AFImageRequestOperation.m in Sources */ = {isa = PBXBuildFile; fileRef = E54C303B1729FEC1005E9502 /* AFImageRequestOperation.m */; };
		E54C303F1729FEE2005E9502 /* AFHTTPRequestOperation.m in Sources */ = {isa = PBXBuildFile; fileRef = E54C303E1729FEE2005E9502 /* AFHTTPRequestOperation.m */; };
		E54C30421729FEF4005E9502 /* AFURLConnectionOperation.m in Sources */ = {isa = PBXBuildFile; fileRef = E54C30411729FEF4005E9502 /* AFURLConnectionOperation.m */; };
		E54C3045172A0D7B005E9502 /* news_icon_2.png in Resources */ = {isa = PBXBuildFile; fileRef = E54C3043172A0D7B005E9502 /* news_icon_2.png */; };
		E54C3046172A0D7B005E9502 /* news_icon_2@2x.png in Resources */ = {isa = PBXBuildFile; fileRef = E54C3044172A0D7B005E9502 /* news_icon_2@2x.png */; };
		E54C304B172A0E9D005E9502 /* news_icon_0.png in Resources */ = {isa = PBXBuildFile; fileRef = E54C3047172A0E9D005E9502 /* news_icon_0.png */; };
		E54C304C172A0E9D005E9502 /* news_icon_0@2x.png in Resources */ = {isa = PBXBuildFile; fileRef = E54C3048172A0E9D005E9502 /* news_icon_0@2x.png */; };
		E54C304D172A0E9D005E9502 /* news_icon_1.png in Resources */ = {isa = PBXBuildFile; fileRef = E54C3049172A0E9D005E9502 /* news_icon_1.png */; };
		E54C304E172A0E9D005E9502 /* news_icon_1@2x.png in Resources */ = {isa = PBXBuildFile; fileRef = E54C304A172A0E9D005E9502 /* news_icon_1@2x.png */; };
		E54C3051172A263E005E9502 /* Stats.m in Sources */ = {isa = PBXBuildFile; fileRef = E54C3050172A263E005E9502 /* Stats.m */; };
		E54C3057172A3499005E9502 /* StatsCell.m in Sources */ = {isa = PBXBuildFile; fileRef = E54C3056172A3499005E9502 /* StatsCell.m */; };
		E54C305A172A3BC4005E9502 /* PlayersViewController.m in Sources */ = {isa = PBXBuildFile; fileRef = E54C3059172A3BC4005E9502 /* PlayersViewController.m */; };
		E54C305F172A5027005E9502 /* players_icon_2.png in Resources */ = {isa = PBXBuildFile; fileRef = E54C305B172A5026005E9502 /* players_icon_2.png */; };
		E54C3060172A5027005E9502 /* players_icon_2@2x.png in Resources */ = {isa = PBXBuildFile; fileRef = E54C305C172A5026005E9502 /* players_icon_2@2x.png */; };
		E54C3061172A5027005E9502 /* players_icon.png in Resources */ = {isa = PBXBuildFile; fileRef = E54C305D172A5026005E9502 /* players_icon.png */; };
		E54C3062172A5027005E9502 /* players_icon@2x.png in Resources */ = {isa = PBXBuildFile; fileRef = E54C305E172A5026005E9502 /* players_icon@2x.png */; };
		E54C3067172AB0CB005E9502 /* top_bar_0.png in Resources */ = {isa = PBXBuildFile; fileRef = E54C3063172AB0C9005E9502 /* top_bar_0.png */; };
		E54C3068172AB0CB005E9502 /* top_bar_0@2x.png in Resources */ = {isa = PBXBuildFile; fileRef = E54C3064172AB0C9005E9502 /* top_bar_0@2x.png */; };
		E54C3069172AB0CB005E9502 /* top_bar_1.png in Resources */ = {isa = PBXBuildFile; fileRef = E54C3065172AB0CA005E9502 /* top_bar_1.png */; };
		E54C306A172AB0CB005E9502 /* top_bar_1@2x.png in Resources */ = {isa = PBXBuildFile; fileRef = E54C3066172AB0CA005E9502 /* top_bar_1@2x.png */; };
		E54C306D172ACD05005E9502 /* Scoreboard.m in Sources */ = {isa = PBXBuildFile; fileRef = E54C306C172ACD05005E9502 /* Scoreboard.m */; };
		E54C3070172AD1B6005E9502 /* MatchUpCell.m in Sources */ = {isa = PBXBuildFile; fileRef = E54C306F172AD1B6005E9502 /* MatchUpCell.m */; };
		E57F239D1748F3E400C2B614 /* OauthRequestSigner.m in Sources */ = {isa = PBXBuildFile; fileRef = E57F239C1748F3E400C2B614 /* OauthRequestSigner.m */; };
		E5B39370172AE70100C994E2 /* standings_tab.png in Resources */ = {isa = PBXBuildFile; fileRef = E5B3936E172AE70100C994E2 /* standings_tab.png */; };
		E5B39371172AE70100C994E2 /* standings_tab@2x.png in Resources */ = {isa = PBXBuildFile; fileRef = E5B3936F172AE70100C994E2 /* standings_tab@2x.png */; };
		E5B39374172AEA8600C994E2 /* StandingsCell.m in Sources */ = {isa = PBXBuildFile; fileRef = E5B39373172AEA8600C994E2 /* StandingsCell.m */; };
		E5B39379172B02AE00C994E2 /* ban.png in Resources */ = {isa = PBXBuildFile; fileRef = E5B39375172B02AE00C994E2 /* ban.png */; };
		E5B3937A172B02AE00C994E2 /* ban@2x.png in Resources */ = {isa = PBXBuildFile; fileRef = E5B39376172B02AE00C994E2 /* ban@2x.png */; };
		E5B3937B172B02AE00C994E2 /* lock.png in Resources */ = {isa = PBXBuildFile; fileRef = E5B39377172B02AE00C994E2 /* lock.png */; };
		E5B3937C172B02AE00C994E2 /* lock@2x.png in Resources */ = {isa = PBXBuildFile; fileRef = E5B39378172B02AE00C994E2 /* lock@2x.png */; };
		E5C719F517283A8900C847A6 /* UIKit.framework in Frameworks */ = {isa = PBXBuildFile; fileRef = E5C719F417283A8900C847A6 /* UIKit.framework */; };
		E5C719F717283A8900C847A6 /* Foundation.framework in Frameworks */ = {isa = PBXBuildFile; fileRef = E5C719F617283A8900C847A6 /* Foundation.framework */; };
		E5C719F917283A8900C847A6 /* CoreGraphics.framework in Frameworks */ = {isa = PBXBuildFile; fileRef = E5C719F817283A8900C847A6 /* CoreGraphics.framework */; };
		E5C719FF17283A8900C847A6 /* InfoPlist.strings in Resources */ = {isa = PBXBuildFile; fileRef = E5C719FD17283A8900C847A6 /* InfoPlist.strings */; };
		E5C71A0117283A8900C847A6 /* main.m in Sources */ = {isa = PBXBuildFile; fileRef = E5C71A0017283A8900C847A6 /* main.m */; };
		E5C71A0517283A8900C847A6 /* AppDelegate.m in Sources */ = {isa = PBXBuildFile; fileRef = E5C71A0417283A8900C847A6 /* AppDelegate.m */; };
		E5C71A0717283A8900C847A6 /* Default.png in Resources */ = {isa = PBXBuildFile; fileRef = E5C71A0617283A8900C847A6 /* Default.png */; };
		E5C71A0917283A8900C847A6 /* Default@2x.png in Resources */ = {isa = PBXBuildFile; fileRef = E5C71A0817283A8900C847A6 /* Default@2x.png */; };
		E5C71A0B17283A8900C847A6 /* Default-568h@2x.png in Resources */ = {isa = PBXBuildFile; fileRef = E5C71A0A17283A8900C847A6 /* Default-568h@2x.png */; };
		E5C71A5217283CB200C847A6 /* YahooClient.m in Sources */ = {isa = PBXBuildFile; fileRef = E5C71A5117283CB200C847A6 /* YahooClient.m */; };
		E5C71A5417283FB400C847A6 /* FantasyStory.storyboard in Resources */ = {isa = PBXBuildFile; fileRef = E5C71A5317283FB400C847A6 /* FantasyStory.storyboard */; };
		E5C71A5817283FDA00C847A6 /* AuthViewController.m in Sources */ = {isa = PBXBuildFile; fileRef = E5C71A5717283FDA00C847A6 /* AuthViewController.m */; };
		E5C71A5B17284EE200C847A6 /* SystemConfiguration.framework in Frameworks */ = {isa = PBXBuildFile; fileRef = E5C71A5A17284EE200C847A6 /* SystemConfiguration.framework */; };
		E5C71A5D17284EE900C847A6 /* MobileCoreServices.framework in Frameworks */ = {isa = PBXBuildFile; fileRef = E5C71A5C17284EE900C847A6 /* MobileCoreServices.framework */; };
		E5C71A681728682C00C847A6 /* NSDictionary+QueryString.m in Sources */ = {isa = PBXBuildFile; fileRef = E5C71A671728682C00C847A6 /* NSDictionary+QueryString.m */; };
		E5C71A6B17286A5400C847A6 /* NSString+URLEncoding.m in Sources */ = {isa = PBXBuildFile; fileRef = E5C71A6A17286A5400C847A6 /* NSString+URLEncoding.m */; };
/* End PBXBuildFile section */

/* Begin PBXFileReference section */
		E50162FD173E537600E1E748 /* icon.png */ = {isa = PBXFileReference; lastKnownFileType = image.png; path = icon.png; sourceTree = "<group>"; };
		E50162FF173E538900E1E748 /* icon@2x.png */ = {isa = PBXFileReference; lastKnownFileType = image.png; path = "icon@2x.png"; sourceTree = "<group>"; };
		E5016301173E539F00E1E748 /* icon72.png */ = {isa = PBXFileReference; lastKnownFileType = image.png; path = icon72.png; sourceTree = "<group>"; };
		E5016303173E53B100E1E748 /* icon144.png */ = {isa = PBXFileReference; lastKnownFileType = image.png; path = icon144.png; sourceTree = "<group>"; };
		E506907817324E53001A8F56 /* Game.h */ = {isa = PBXFileReference; fileEncoding = 4; lastKnownFileType = sourcecode.c.h; path = Game.h; sourceTree = "<group>"; };
		E506907917324E53001A8F56 /* Game.m */ = {isa = PBXFileReference; fileEncoding = 4; lastKnownFileType = sourcecode.c.objc; path = Game.m; sourceTree = "<group>"; };
		E506907B17325E7B001A8F56 /* League.h */ = {isa = PBXFileReference; fileEncoding = 4; lastKnownFileType = sourcecode.c.h; path = League.h; sourceTree = "<group>"; };
		E506907C17325E7B001A8F56 /* League.m */ = {isa = PBXFileReference; fileEncoding = 4; lastKnownFileType = sourcecode.c.objc; path = League.m; sourceTree = "<group>"; };
		E506907E17326265001A8F56 /* NSObject+CommonInit.h */ = {isa = PBXFileReference; fileEncoding = 4; lastKnownFileType = sourcecode.c.h; path = "NSObject+CommonInit.h"; sourceTree = "<group>"; };
		E506907F17326265001A8F56 /* NSObject+CommonInit.m */ = {isa = PBXFileReference; fileEncoding = 4; lastKnownFileType = sourcecode.c.objc; path = "NSObject+CommonInit.m"; sourceTree = "<group>"; };
		E506908417326C62001A8F56 /* TeamsViewController.h */ = {isa = PBXFileReference; fileEncoding = 4; lastKnownFileType = sourcecode.c.h; path = TeamsViewController.h; sourceTree = "<group>"; };
		E506908517326C62001A8F56 /* TeamsViewController.m */ = {isa = PBXFileReference; fileEncoding = 4; lastKnownFileType = sourcecode.c.objc; path = TeamsViewController.m; sourceTree = "<group>"; };
		E506908717327A54001A8F56 /* team_tab.png */ = {isa = PBXFileReference; lastKnownFileType = image.png; name = team_tab.png; path = images/team_tab.png; sourceTree = "<group>"; };
		E506908817327A54001A8F56 /* team_tab@2x.png */ = {isa = PBXFileReference; lastKnownFileType = image.png; name = "team_tab@2x.png"; path = "images/team_tab@2x.png"; sourceTree = "<group>"; };
		E506908C1732CD49001A8F56 /* YOAuthUtil.h */ = {isa = PBXFileReference; fileEncoding = 4; lastKnownFileType = sourcecode.c.h; path = YOAuthUtil.h; sourceTree = "<group>"; };
		E506908D1732CD49001A8F56 /* YOAuthUtil.m */ = {isa = PBXFileReference; fileEncoding = 4; lastKnownFileType = sourcecode.c.objc; path = YOAuthUtil.m; sourceTree = "<group>"; };
		E50690901732D05C001A8F56 /* Base64Transcoder.c */ = {isa = PBXFileReference; fileEncoding = 4; lastKnownFileType = sourcecode.c.c; path = Base64Transcoder.c; sourceTree = "<group>"; };
		E50690911732D05C001A8F56 /* Base64Transcoder.h */ = {isa = PBXFileReference; fileEncoding = 4; lastKnownFileType = sourcecode.c.h; path = Base64Transcoder.h; sourceTree = "<group>"; };
		E50690931732DD9C001A8F56 /* GTMBase64.h */ = {isa = PBXFileReference; fileEncoding = 4; lastKnownFileType = sourcecode.c.h; path = GTMBase64.h; sourceTree = "<group>"; };
		E50690941732DD9C001A8F56 /* GTMBase64.m */ = {isa = PBXFileReference; fileEncoding = 4; lastKnownFileType = sourcecode.c.objc; path = GTMBase64.m; sourceTree = "<group>"; };
		E50690961732E163001A8F56 /* GTMDefines.h */ = {isa = PBXFileReference; lastKnownFileType = sourcecode.c.h; path = GTMDefines.h; sourceTree = "<group>"; };
		E51BBEFB172928740043C73D /* CFNetwork.framework */ = {isa = PBXFileReference; lastKnownFileType = wrapper.framework; name = CFNetwork.framework; path = System/Library/Frameworks/CFNetwork.framework; sourceTree = SDKROOT; };
		E51BBEFD172967570043C73D /* AuthRequest.h */ = {isa = PBXFileReference; fileEncoding = 4; lastKnownFileType = sourcecode.c.h; path = AuthRequest.h; sourceTree = "<group>"; };
		E51BBEFE172967570043C73D /* AuthRequest.m */ = {isa = PBXFileReference; fileEncoding = 4; lastKnownFileType = sourcecode.c.objc; path = AuthRequest.m; sourceTree = "<group>"; };
		E51BBF00172982090043C73D /* AccessToken.h */ = {isa = PBXFileReference; fileEncoding = 4; lastKnownFileType = sourcecode.c.h; path = AccessToken.h; sourceTree = "<group>"; };
		E51BBF01172982090043C73D /* AccessToken.m */ = {isa = PBXFileReference; fileEncoding = 4; lastKnownFileType = sourcecode.c.objc; path = AccessToken.m; sourceTree = "<group>"; };
		E51BBF031729A4350043C73D /* HomeViewController.h */ = {isa = PBXFileReference; fileEncoding = 4; lastKnownFileType = sourcecode.c.h; path = HomeViewController.h; sourceTree = "<group>"; };
		E51BBF041729A4350043C73D /* HomeViewController.m */ = {isa = PBXFileReference; fileEncoding = 4; lastKnownFileType = sourcecode.c.objc; path = HomeViewController.m; sourceTree = "<group>"; };
		E53C7DD01728E13B00995604 /* Security.framework */ = {isa = PBXFileReference; lastKnownFileType = wrapper.framework; name = Security.framework; path = System/Library/Frameworks/Security.framework; sourceTree = SDKROOT; };
		E53C7EC01729093400995604 /* NSData+Base64.h */ = {isa = PBXFileReference; fileEncoding = 4; lastKnownFileType = sourcecode.c.h; path = "NSData+Base64.h"; sourceTree = "<group>"; };
		E53C7EC11729093400995604 /* NSData+Base64.m */ = {isa = PBXFileReference; fileEncoding = 4; lastKnownFileType = sourcecode.c.objc; path = "NSData+Base64.m"; sourceTree = "<group>"; };
		E53C7F3B172918F600995604 /* NSString+RegEx.m */ = {isa = PBXFileReference; fileEncoding = 4; lastKnownFileType = sourcecode.c.objc; path = "NSString+RegEx.m"; sourceTree = "<group>"; };
		E53C7F3D1729190300995604 /* NSString+RegEx.h */ = {isa = PBXFileReference; lastKnownFileType = sourcecode.c.h; path = "NSString+RegEx.h"; sourceTree = "<group>"; };
		E54C2FDD1729B58F005E9502 /* baseball_tab.png */ = {isa = PBXFileReference; lastKnownFileType = image.png; name = baseball_tab.png; path = images/baseball_tab.png; sourceTree = "<group>"; };
		E54C2FDE1729B58F005E9502 /* baseball_tab@2x.png */ = {isa = PBXFileReference; lastKnownFileType = image.png; name = "baseball_tab@2x.png"; path = "images/baseball_tab@2x.png"; sourceTree = "<group>"; };
		E54C2FDF1729B58F005E9502 /* yahoo_tab.png */ = {isa = PBXFileReference; lastKnownFileType = image.png; name = yahoo_tab.png; path = images/yahoo_tab.png; sourceTree = "<group>"; };
		E54C2FE01729B58F005E9502 /* yahoo_tab@2x.png */ = {isa = PBXFileReference; lastKnownFileType = image.png; name = "yahoo_tab@2x.png"; path = "images/yahoo_tab@2x.png"; sourceTree = "<group>"; };
		E54C2FE51729B7F3005E9502 /* baseball_ball_tab.png */ = {isa = PBXFileReference; lastKnownFileType = image.png; name = baseball_ball_tab.png; path = images/baseball_ball_tab.png; sourceTree = "<group>"; };
		E54C2FE61729B7F3005E9502 /* baseball_ball_tab@2x.png */ = {isa = PBXFileReference; lastKnownFileType = image.png; name = "baseball_ball_tab@2x.png"; path = "images/baseball_ball_tab@2x.png"; sourceTree = "<group>"; };
		E54C2FE71729B7F3005E9502 /* stats_tab.png */ = {isa = PBXFileReference; lastKnownFileType = image.png; name = stats_tab.png; path = images/stats_tab.png; sourceTree = "<group>"; };
		E54C2FE81729B7F3005E9502 /* stats_tab@2x.png */ = {isa = PBXFileReference; lastKnownFileType = image.png; name = "stats_tab@2x.png"; path = "images/stats_tab@2x.png"; sourceTree = "<group>"; };
		E54C2FE91729B7F3005E9502 /* trophy_tab.png */ = {isa = PBXFileReference; lastKnownFileType = image.png; name = trophy_tab.png; path = images/trophy_tab.png; sourceTree = "<group>"; };
		E54C2FEA1729B7F3005E9502 /* trophy_tab@2x.png */ = {isa = PBXFileReference; lastKnownFileType = image.png; name = "trophy_tab@2x.png"; path = "images/trophy_tab@2x.png"; sourceTree = "<group>"; };
		E54C300A1729C171005E9502 /* scoreboard_tab.png */ = {isa = PBXFileReference; lastKnownFileType = image.png; name = scoreboard_tab.png; path = images/scoreboard_tab.png; sourceTree = "<group>"; };
		E54C300B1729C171005E9502 /* scoreboard_tab@2x.png */ = {isa = PBXFileReference; lastKnownFileType = image.png; name = "scoreboard_tab@2x.png"; path = "images/scoreboard_tab@2x.png"; sourceTree = "<group>"; };
		E54C300E1729C2FC005E9502 /* ScoreboardViewController.h */ = {isa = PBXFileReference; fileEncoding = 4; lastKnownFileType = sourcecode.c.h; path = ScoreboardViewController.h; sourceTree = "<group>"; };
		E54C300F1729C2FC005E9502 /* ScoreboardViewController.m */ = {isa = PBXFileReference; fileEncoding = 4; lastKnownFileType = sourcecode.c.objc; path = ScoreboardViewController.m; sourceTree = "<group>"; };
		E54C30111729C307005E9502 /* MyTeamViewController.h */ = {isa = PBXFileReference; fileEncoding = 4; lastKnownFileType = sourcecode.c.h; path = MyTeamViewController.h; sourceTree = "<group>"; };
		E54C30121729C307005E9502 /* MyTeamViewController.m */ = {isa = PBXFileReference; fileEncoding = 4; lastKnownFileType = sourcecode.c.objc; path = MyTeamViewController.m; sourceTree = "<group>"; };
		E54C30141729C315005E9502 /* StandingsViewController.h */ = {isa = PBXFileReference; fileEncoding = 4; lastKnownFileType = sourcecode.c.h; path = StandingsViewController.h; sourceTree = "<group>"; };
		E54C30151729C316005E9502 /* StandingsViewController.m */ = {isa = PBXFileReference; fileEncoding = 4; lastKnownFileType = sourcecode.c.objc; path = StandingsViewController.m; sourceTree = "<group>"; };
		E54C30171729C32C005E9502 /* LeagueViewController.h */ = {isa = PBXFileReference; fileEncoding = 4; lastKnownFileType = sourcecode.c.h; path = LeagueViewController.h; sourceTree = "<group>"; };
		E54C30181729C32C005E9502 /* LeagueViewController.m */ = {isa = PBXFileReference; fileEncoding = 4; lastKnownFileType = sourcecode.c.objc; path = LeagueViewController.m; sourceTree = "<group>"; };
		E54C301A1729C341005E9502 /* MyRosterViewController.h */ = {isa = PBXFileReference; fileEncoding = 4; lastKnownFileType = sourcecode.c.h; path = MyRosterViewController.h; sourceTree = "<group>"; };
		E54C301B1729C341005E9502 /* MyRosterViewController.m */ = {isa = PBXFileReference; fileEncoding = 4; lastKnownFileType = sourcecode.c.objc; path = MyRosterViewController.m; sourceTree = "<group>"; };
		E54C301D1729C44F005E9502 /* StatsViewController.h */ = {isa = PBXFileReference; fileEncoding = 4; lastKnownFileType = sourcecode.c.h; path = StatsViewController.h; sourceTree = "<group>"; };
		E54C301E1729C44F005E9502 /* StatsViewController.m */ = {isa = PBXFileReference; fileEncoding = 4; lastKnownFileType = sourcecode.c.objc; path = StatsViewController.m; sourceTree = "<group>"; };
		E54C30201729C791005E9502 /* roster_tab.png */ = {isa = PBXFileReference; lastKnownFileType = image.png; name = roster_tab.png; path = images/roster_tab.png; sourceTree = "<group>"; };
		E54C30211729C791005E9502 /* roster_tab@2x.png */ = {isa = PBXFileReference; lastKnownFileType = image.png; name = "roster_tab@2x.png"; path = "images/roster_tab@2x.png"; sourceTree = "<group>"; };
		E54C30241729CD8F005E9502 /* home_tab.png */ = {isa = PBXFileReference; lastKnownFileType = image.png; name = home_tab.png; path = images/home_tab.png; sourceTree = "<group>"; };
		E54C30251729CD8F005E9502 /* home_tab@2x.png */ = {isa = PBXFileReference; lastKnownFileType = image.png; name = "home_tab@2x.png"; path = "images/home_tab@2x.png"; sourceTree = "<group>"; };
		E54C30281729D483005E9502 /* Team.h */ = {isa = PBXFileReference; fileEncoding = 4; lastKnownFileType = sourcecode.c.h; path = Team.h; sourceTree = "<group>"; };
		E54C30291729D483005E9502 /* Team.m */ = {isa = PBXFileReference; fileEncoding = 4; lastKnownFileType = sourcecode.c.objc; path = Team.m; sourceTree = "<group>"; };
		E54C302B1729D859005E9502 /* Player.h */ = {isa = PBXFileReference; fileEncoding = 4; lastKnownFileType = sourcecode.c.h; path = Player.h; sourceTree = "<group>"; };
		E54C302C1729D859005E9502 /* Player.m */ = {isa = PBXFileReference; fileEncoding = 4; lastKnownFileType = sourcecode.c.objc; path = Player.m; sourceTree = "<group>"; };
		E54C302F1729F105005E9502 /* CircleView.h */ = {isa = PBXFileReference; fileEncoding = 4; lastKnownFileType = sourcecode.c.h; name = CircleView.h; path = Classes/CircleView.h; sourceTree = "<group>"; };
		E54C30301729F105005E9502 /* CircleView.m */ = {isa = PBXFileReference; fileEncoding = 4; lastKnownFileType = sourcecode.c.objc; name = CircleView.m; path = Classes/CircleView.m; sourceTree = "<group>"; };
		E54C30331729F87C005E9502 /* PlayerCell.h */ = {isa = PBXFileReference; fileEncoding = 4; lastKnownFileType = sourcecode.c.h; path = PlayerCell.h; sourceTree = "<group>"; };
		E54C30341729F87C005E9502 /* PlayerCell.m */ = {isa = PBXFileReference; fileEncoding = 4; lastKnownFileType = sourcecode.c.objc; path = PlayerCell.m; sourceTree = "<group>"; };
		E54C30371729FEA6005E9502 /* UIImageView+AFNetworking.h */ = {isa = PBXFileReference; fileEncoding = 4; lastKnownFileType = sourcecode.c.h; path = "UIImageView+AFNetworking.h"; sourceTree = "<group>"; };
		E54C30381729FEA6005E9502 /* UIImageView+AFNetworking.m */ = {isa = PBXFileReference; fileEncoding = 4; lastKnownFileType = sourcecode.c.objc; path = "UIImageView+AFNetworking.m"; sourceTree = "<group>"; };
		E54C303A1729FEC1005E9502 /* AFImageRequestOperation.h */ = {isa = PBXFileReference; fileEncoding = 4; lastKnownFileType = sourcecode.c.h; path = AFImageRequestOperation.h; sourceTree = "<group>"; };
		E54C303B1729FEC1005E9502 /* AFImageRequestOperation.m */ = {isa = PBXFileReference; fileEncoding = 4; lastKnownFileType = sourcecode.c.objc; path = AFImageRequestOperation.m; sourceTree = "<group>"; };
		E54C303D1729FEE2005E9502 /* AFHTTPRequestOperation.h */ = {isa = PBXFileReference; fileEncoding = 4; lastKnownFileType = sourcecode.c.h; path = AFHTTPRequestOperation.h; sourceTree = "<group>"; };
		E54C303E1729FEE2005E9502 /* AFHTTPRequestOperation.m */ = {isa = PBXFileReference; fileEncoding = 4; lastKnownFileType = sourcecode.c.objc; path = AFHTTPRequestOperation.m; sourceTree = "<group>"; };
		E54C30401729FEF4005E9502 /* AFURLConnectionOperation.h */ = {isa = PBXFileReference; fileEncoding = 4; lastKnownFileType = sourcecode.c.h; path = AFURLConnectionOperation.h; sourceTree = "<group>"; };
		E54C30411729FEF4005E9502 /* AFURLConnectionOperation.m */ = {isa = PBXFileReference; fileEncoding = 4; lastKnownFileType = sourcecode.c.objc; path = AFURLConnectionOperation.m; sourceTree = "<group>"; };
		E54C3043172A0D7B005E9502 /* news_icon_2.png */ = {isa = PBXFileReference; lastKnownFileType = image.png; name = news_icon_2.png; path = images/news_icon_2.png; sourceTree = "<group>"; };
		E54C3044172A0D7B005E9502 /* news_icon_2@2x.png */ = {isa = PBXFileReference; lastKnownFileType = image.png; name = "news_icon_2@2x.png"; path = "images/news_icon_2@2x.png"; sourceTree = "<group>"; };
		E54C3047172A0E9D005E9502 /* news_icon_0.png */ = {isa = PBXFileReference; lastKnownFileType = image.png; name = news_icon_0.png; path = images/news_icon_0.png; sourceTree = "<group>"; };
		E54C3048172A0E9D005E9502 /* news_icon_0@2x.png */ = {isa = PBXFileReference; lastKnownFileType = image.png; name = "news_icon_0@2x.png"; path = "images/news_icon_0@2x.png"; sourceTree = "<group>"; };
		E54C3049172A0E9D005E9502 /* news_icon_1.png */ = {isa = PBXFileReference; lastKnownFileType = image.png; name = news_icon_1.png; path = images/news_icon_1.png; sourceTree = "<group>"; };
		E54C304A172A0E9D005E9502 /* news_icon_1@2x.png */ = {isa = PBXFileReference; lastKnownFileType = image.png; name = "news_icon_1@2x.png"; path = "images/news_icon_1@2x.png"; sourceTree = "<group>"; };
		E54C304F172A263E005E9502 /* Stats.h */ = {isa = PBXFileReference; fileEncoding = 4; lastKnownFileType = sourcecode.c.h; path = Stats.h; sourceTree = "<group>"; };
		E54C3050172A263E005E9502 /* Stats.m */ = {isa = PBXFileReference; fileEncoding = 4; lastKnownFileType = sourcecode.c.objc; path = Stats.m; sourceTree = "<group>"; };
		E54C3055172A3499005E9502 /* StatsCell.h */ = {isa = PBXFileReference; fileEncoding = 4; lastKnownFileType = sourcecode.c.h; path = StatsCell.h; sourceTree = "<group>"; };
		E54C3056172A3499005E9502 /* StatsCell.m */ = {isa = PBXFileReference; fileEncoding = 4; lastKnownFileType = sourcecode.c.objc; path = StatsCell.m; sourceTree = "<group>"; };
		E54C3058172A3BC3005E9502 /* PlayersViewController.h */ = {isa = PBXFileReference; fileEncoding = 4; lastKnownFileType = sourcecode.c.h; path = PlayersViewController.h; sourceTree = "<group>"; };
		E54C3059172A3BC4005E9502 /* PlayersViewController.m */ = {isa = PBXFileReference; fileEncoding = 4; lastKnownFileType = sourcecode.c.objc; path = PlayersViewController.m; sourceTree = "<group>"; };
		E54C305B172A5026005E9502 /* players_icon_2.png */ = {isa = PBXFileReference; lastKnownFileType = image.png; name = players_icon_2.png; path = images/players_icon_2.png; sourceTree = "<group>"; };
		E54C305C172A5026005E9502 /* players_icon_2@2x.png */ = {isa = PBXFileReference; lastKnownFileType = image.png; name = "players_icon_2@2x.png"; path = "images/players_icon_2@2x.png"; sourceTree = "<group>"; };
		E54C305D172A5026005E9502 /* players_icon.png */ = {isa = PBXFileReference; lastKnownFileType = image.png; name = players_icon.png; path = images/players_icon.png; sourceTree = "<group>"; };
		E54C305E172A5026005E9502 /* players_icon@2x.png */ = {isa = PBXFileReference; lastKnownFileType = image.png; name = "players_icon@2x.png"; path = "images/players_icon@2x.png"; sourceTree = "<group>"; };
		E54C3063172AB0C9005E9502 /* top_bar_0.png */ = {isa = PBXFileReference; lastKnownFileType = image.png; name = top_bar_0.png; path = images/top_bar_0.png; sourceTree = "<group>"; };
		E54C3064172AB0C9005E9502 /* top_bar_0@2x.png */ = {isa = PBXFileReference; lastKnownFileType = image.png; name = "top_bar_0@2x.png"; path = "images/top_bar_0@2x.png"; sourceTree = "<group>"; };
		E54C3065172AB0CA005E9502 /* top_bar_1.png */ = {isa = PBXFileReference; lastKnownFileType = image.png; name = top_bar_1.png; path = images/top_bar_1.png; sourceTree = "<group>"; };
		E54C3066172AB0CA005E9502 /* top_bar_1@2x.png */ = {isa = PBXFileReference; lastKnownFileType = image.png; name = "top_bar_1@2x.png"; path = "images/top_bar_1@2x.png"; sourceTree = "<group>"; };
		E54C306B172ACD05005E9502 /* Scoreboard.h */ = {isa = PBXFileReference; fileEncoding = 4; lastKnownFileType = sourcecode.c.h; path = Scoreboard.h; sourceTree = "<group>"; };
		E54C306C172ACD05005E9502 /* Scoreboard.m */ = {isa = PBXFileReference; fileEncoding = 4; lastKnownFileType = sourcecode.c.objc; path = Scoreboard.m; sourceTree = "<group>"; };
		E54C306E172AD1B5005E9502 /* MatchUpCell.h */ = {isa = PBXFileReference; fileEncoding = 4; lastKnownFileType = sourcecode.c.h; path = MatchUpCell.h; sourceTree = "<group>"; };
		E54C306F172AD1B6005E9502 /* MatchUpCell.m */ = {isa = PBXFileReference; fileEncoding = 4; lastKnownFileType = sourcecode.c.objc; path = MatchUpCell.m; sourceTree = "<group>"; };
		E57F239B1748F3E400C2B614 /* OauthRequestSigner.h */ = {isa = PBXFileReference; fileEncoding = 4; lastKnownFileType = sourcecode.c.h; path = OauthRequestSigner.h; sourceTree = "<group>"; };
		E57F239C1748F3E400C2B614 /* OauthRequestSigner.m */ = {isa = PBXFileReference; fileEncoding = 4; lastKnownFileType = sourcecode.c.objc; path = OauthRequestSigner.m; sourceTree = "<group>"; };
		E5B3936E172AE70100C994E2 /* standings_tab.png */ = {isa = PBXFileReference; lastKnownFileType = image.png; name = standings_tab.png; path = images/standings_tab.png; sourceTree = "<group>"; };
		E5B3936F172AE70100C994E2 /* standings_tab@2x.png */ = {isa = PBXFileReference; lastKnownFileType = image.png; name = "standings_tab@2x.png"; path = "images/standings_tab@2x.png"; sourceTree = "<group>"; };
		E5B39372172AEA8600C994E2 /* StandingsCell.h */ = {isa = PBXFileReference; fileEncoding = 4; lastKnownFileType = sourcecode.c.h; path = StandingsCell.h; sourceTree = "<group>"; };
		E5B39373172AEA8600C994E2 /* StandingsCell.m */ = {isa = PBXFileReference; fileEncoding = 4; lastKnownFileType = sourcecode.c.objc; path = StandingsCell.m; sourceTree = "<group>"; };
		E5B39375172B02AE00C994E2 /* ban.png */ = {isa = PBXFileReference; lastKnownFileType = image.png; name = ban.png; path = images/ban.png; sourceTree = "<group>"; };
		E5B39376172B02AE00C994E2 /* ban@2x.png */ = {isa = PBXFileReference; lastKnownFileType = image.png; name = "ban@2x.png"; path = "images/ban@2x.png"; sourceTree = "<group>"; };
		E5B39377172B02AE00C994E2 /* lock.png */ = {isa = PBXFileReference; lastKnownFileType = image.png; name = lock.png; path = images/lock.png; sourceTree = "<group>"; };
		E5B39378172B02AE00C994E2 /* lock@2x.png */ = {isa = PBXFileReference; lastKnownFileType = image.png; name = "lock@2x.png"; path = "images/lock@2x.png"; sourceTree = "<group>"; };
		E5C719F117283A8900C847A6 /* Fantasy.app */ = {isa = PBXFileReference; explicitFileType = wrapper.application; includeInIndex = 0; path = Fantasy.app; sourceTree = BUILT_PRODUCTS_DIR; };
		E5C719F417283A8900C847A6 /* UIKit.framework */ = {isa = PBXFileReference; lastKnownFileType = wrapper.framework; name = UIKit.framework; path = System/Library/Frameworks/UIKit.framework; sourceTree = SDKROOT; };
		E5C719F617283A8900C847A6 /* Foundation.framework */ = {isa = PBXFileReference; lastKnownFileType = wrapper.framework; name = Foundation.framework; path = System/Library/Frameworks/Foundation.framework; sourceTree = SDKROOT; };
		E5C719F817283A8900C847A6 /* CoreGraphics.framework */ = {isa = PBXFileReference; lastKnownFileType = wrapper.framework; name = CoreGraphics.framework; path = System/Library/Frameworks/CoreGraphics.framework; sourceTree = SDKROOT; };
		E5C719FC17283A8900C847A6 /* Fantasy-Info.plist */ = {isa = PBXFileReference; lastKnownFileType = text.plist.xml; path = "Fantasy-Info.plist"; sourceTree = "<group>"; };
		E5C719FE17283A8900C847A6 /* en */ = {isa = PBXFileReference; lastKnownFileType = text.plist.strings; name = en; path = en.lproj/InfoPlist.strings; sourceTree = "<group>"; };
		E5C71A0017283A8900C847A6 /* main.m */ = {isa = PBXFileReference; lastKnownFileType = sourcecode.c.objc; path = main.m; sourceTree = "<group>"; };
		E5C71A0217283A8900C847A6 /* Fantasy-Prefix.pch */ = {isa = PBXFileReference; lastKnownFileType = sourcecode.c.h; path = "Fantasy-Prefix.pch"; sourceTree = "<group>"; };
		E5C71A0317283A8900C847A6 /* AppDelegate.h */ = {isa = PBXFileReference; lastKnownFileType = sourcecode.c.h; path = AppDelegate.h; sourceTree = "<group>"; };
		E5C71A0417283A8900C847A6 /* AppDelegate.m */ = {isa = PBXFileReference; lastKnownFileType = sourcecode.c.objc; path = AppDelegate.m; sourceTree = "<group>"; };
		E5C71A0617283A8900C847A6 /* Default.png */ = {isa = PBXFileReference; lastKnownFileType = image.png; path = Default.png; sourceTree = "<group>"; };
		E5C71A0817283A8900C847A6 /* Default@2x.png */ = {isa = PBXFileReference; lastKnownFileType = image.png; path = "Default@2x.png"; sourceTree = "<group>"; };
		E5C71A0A17283A8900C847A6 /* Default-568h@2x.png */ = {isa = PBXFileReference; lastKnownFileType = image.png; path = "Default-568h@2x.png"; sourceTree = "<group>"; };
		E5C71A5017283CB200C847A6 /* YahooClient.h */ = {isa = PBXFileReference; fileEncoding = 4; lastKnownFileType = sourcecode.c.h; path = YahooClient.h; sourceTree = "<group>"; };
		E5C71A5117283CB200C847A6 /* YahooClient.m */ = {isa = PBXFileReference; fileEncoding = 4; lastKnownFileType = sourcecode.c.objc; path = YahooClient.m; sourceTree = "<group>"; };
		E5C71A5317283FB400C847A6 /* FantasyStory.storyboard */ = {isa = PBXFileReference; fileEncoding = 4; lastKnownFileType = file.storyboard; path = FantasyStory.storyboard; sourceTree = "<group>"; };
		E5C71A5617283FDA00C847A6 /* AuthViewController.h */ = {isa = PBXFileReference; fileEncoding = 4; lastKnownFileType = sourcecode.c.h; path = AuthViewController.h; sourceTree = "<group>"; };
		E5C71A5717283FDA00C847A6 /* AuthViewController.m */ = {isa = PBXFileReference; fileEncoding = 4; lastKnownFileType = sourcecode.c.objc; path = AuthViewController.m; sourceTree = "<group>"; };
		E5C71A59172842DB00C847A6 /* Constants.h */ = {isa = PBXFileReference; lastKnownFileType = sourcecode.c.h; path = Constants.h; sourceTree = "<group>"; };
		E5C71A5A17284EE200C847A6 /* SystemConfiguration.framework */ = {isa = PBXFileReference; lastKnownFileType = wrapper.framework; name = SystemConfiguration.framework; path = System/Library/Frameworks/SystemConfiguration.framework; sourceTree = SDKROOT; };
		E5C71A5C17284EE900C847A6 /* MobileCoreServices.framework */ = {isa = PBXFileReference; lastKnownFileType = wrapper.framework; name = MobileCoreServices.framework; path = System/Library/Frameworks/MobileCoreServices.framework; sourceTree = SDKROOT; };
		E5C71A661728682C00C847A6 /* NSDictionary+QueryString.h */ = {isa = PBXFileReference; fileEncoding = 4; lastKnownFileType = sourcecode.c.h; path = "NSDictionary+QueryString.h"; sourceTree = "<group>"; };
		E5C71A671728682C00C847A6 /* NSDictionary+QueryString.m */ = {isa = PBXFileReference; fileEncoding = 4; lastKnownFileType = sourcecode.c.objc; path = "NSDictionary+QueryString.m"; sourceTree = "<group>"; };
		E5C71A6917286A5400C847A6 /* NSString+URLEncoding.h */ = {isa = PBXFileReference; fileEncoding = 4; lastKnownFileType = sourcecode.c.h; path = "NSString+URLEncoding.h"; sourceTree = "<group>"; };
		E5C71A6A17286A5400C847A6 /* NSString+URLEncoding.m */ = {isa = PBXFileReference; fileEncoding = 4; lastKnownFileType = sourcecode.c.objc; path = "NSString+URLEncoding.m"; sourceTree = "<group>"; };
/* End PBXFileReference section */

/* Begin PBXFrameworksBuildPhase section */
		E5C719EE17283A8900C847A6 /* Frameworks */ = {
			isa = PBXFrameworksBuildPhase;
			buildActionMask = 2147483647;
			files = (
				E51BBEFC172928740043C73D /* CFNetwork.framework in Frameworks */,
				E53C7DD11728E13B00995604 /* Security.framework in Frameworks */,
				E5C71A5D17284EE900C847A6 /* MobileCoreServices.framework in Frameworks */,
				E5C71A5B17284EE200C847A6 /* SystemConfiguration.framework in Frameworks */,
				E5C719F517283A8900C847A6 /* UIKit.framework in Frameworks */,
				E5C719F717283A8900C847A6 /* Foundation.framework in Frameworks */,
				E5C719F917283A8900C847A6 /* CoreGraphics.framework in Frameworks */,
			);
			runOnlyForDeploymentPostprocessing = 0;
		};
/* End PBXFrameworksBuildPhase section */

/* Begin PBXGroup section */
		E506908B1732CD37001A8F56 /* Utils */ = {
			isa = PBXGroup;
			children = (
				E50690961732E163001A8F56 /* GTMDefines.h */,
				E506908C1732CD49001A8F56 /* YOAuthUtil.h */,
				E506908D1732CD49001A8F56 /* YOAuthUtil.m */,
				E50690931732DD9C001A8F56 /* GTMBase64.h */,
				E50690941732DD9C001A8F56 /* GTMBase64.m */,
				E506908F1732D05C001A8F56 /* Crypto */,
				E57F239B1748F3E400C2B614 /* OauthRequestSigner.h */,
				E57F239C1748F3E400C2B614 /* OauthRequestSigner.m */,
			);
			name = Utils;
			sourceTree = "<group>";
		};
		E506908F1732D05C001A8F56 /* Crypto */ = {
			isa = PBXGroup;
			children = (
				E50690901732D05C001A8F56 /* Base64Transcoder.c */,
				E50690911732D05C001A8F56 /* Base64Transcoder.h */,
			);
			path = Crypto;
			sourceTree = "<group>";
		};
		E54C2FDC1729B572005E9502 /* images */ = {
			isa = PBXGroup;
			children = (
				E506908717327A54001A8F56 /* team_tab.png */,
				E506908817327A54001A8F56 /* team_tab@2x.png */,
				E5B39375172B02AE00C994E2 /* ban.png */,
				E5B39376172B02AE00C994E2 /* ban@2x.png */,
				E5B39377172B02AE00C994E2 /* lock.png */,
				E5B39378172B02AE00C994E2 /* lock@2x.png */,
				E5B3936E172AE70100C994E2 /* standings_tab.png */,
				E5B3936F172AE70100C994E2 /* standings_tab@2x.png */,
				E54C3063172AB0C9005E9502 /* top_bar_0.png */,
				E54C3064172AB0C9005E9502 /* top_bar_0@2x.png */,
				E54C3065172AB0CA005E9502 /* top_bar_1.png */,
				E54C3066172AB0CA005E9502 /* top_bar_1@2x.png */,
				E54C305B172A5026005E9502 /* players_icon_2.png */,
				E54C305C172A5026005E9502 /* players_icon_2@2x.png */,
				E54C305D172A5026005E9502 /* players_icon.png */,
				E54C305E172A5026005E9502 /* players_icon@2x.png */,
				E54C3047172A0E9D005E9502 /* news_icon_0.png */,
				E54C3048172A0E9D005E9502 /* news_icon_0@2x.png */,
				E54C3049172A0E9D005E9502 /* news_icon_1.png */,
				E54C304A172A0E9D005E9502 /* news_icon_1@2x.png */,
				E54C3043172A0D7B005E9502 /* news_icon_2.png */,
				E54C3044172A0D7B005E9502 /* news_icon_2@2x.png */,
				E54C30241729CD8F005E9502 /* home_tab.png */,
				E54C30251729CD8F005E9502 /* home_tab@2x.png */,
				E54C30201729C791005E9502 /* roster_tab.png */,
				E54C30211729C791005E9502 /* roster_tab@2x.png */,
				E54C300A1729C171005E9502 /* scoreboard_tab.png */,
				E54C300B1729C171005E9502 /* scoreboard_tab@2x.png */,
				E54C2FE51729B7F3005E9502 /* baseball_ball_tab.png */,
				E54C2FE61729B7F3005E9502 /* baseball_ball_tab@2x.png */,
				E54C2FE71729B7F3005E9502 /* stats_tab.png */,
				E54C2FE81729B7F3005E9502 /* stats_tab@2x.png */,
				E54C2FE91729B7F3005E9502 /* trophy_tab.png */,
				E54C2FEA1729B7F3005E9502 /* trophy_tab@2x.png */,
				E54C2FDD1729B58F005E9502 /* baseball_tab.png */,
				E54C2FDE1729B58F005E9502 /* baseball_tab@2x.png */,
				E54C2FDF1729B58F005E9502 /* yahoo_tab.png */,
				E54C2FE01729B58F005E9502 /* yahoo_tab@2x.png */,
			);
			name = images;
			sourceTree = "<group>";
		};
		E54C302E1729F0B6005E9502 /* View */ = {
			isa = PBXGroup;
			children = (
				E54C30321729F86A005E9502 /* Table Cells */,
				E54C302F1729F105005E9502 /* CircleView.h */,
				E54C30301729F105005E9502 /* CircleView.m */,
			);
			name = View;
			sourceTree = "<group>";
		};
		E54C30321729F86A005E9502 /* Table Cells */ = {
			isa = PBXGroup;
			children = (
				E54C30331729F87C005E9502 /* PlayerCell.h */,
				E54C30341729F87C005E9502 /* PlayerCell.m */,
				E54C3055172A3499005E9502 /* StatsCell.h */,
				E54C3056172A3499005E9502 /* StatsCell.m */,
				E54C306E172AD1B5005E9502 /* MatchUpCell.h */,
				E54C306F172AD1B6005E9502 /* MatchUpCell.m */,
				E5B39372172AEA8600C994E2 /* StandingsCell.h */,
				E5B39373172AEA8600C994E2 /* StandingsCell.m */,
			);
			name = "Table Cells";
			sourceTree = "<group>";
		};
		E54C30361729FE8C005E9502 /* Image Downloader */ = {
			isa = PBXGroup;
			children = (
				E54C303D1729FEE2005E9502 /* AFHTTPRequestOperation.h */,
				E54C303E1729FEE2005E9502 /* AFHTTPRequestOperation.m */,
				E54C303A1729FEC1005E9502 /* AFImageRequestOperation.h */,
				E54C303B1729FEC1005E9502 /* AFImageRequestOperation.m */,
				E54C30401729FEF4005E9502 /* AFURLConnectionOperation.h */,
				E54C30411729FEF4005E9502 /* AFURLConnectionOperation.m */,
				E54C30371729FEA6005E9502 /* UIImageView+AFNetworking.h */,
				E54C30381729FEA6005E9502 /* UIImageView+AFNetworking.m */,
			);
			name = "Image Downloader";
			sourceTree = "<group>";
		};
		E5C719E817283A8900C847A6 = {
			isa = PBXGroup;
			children = (
				E5016303173E53B100E1E748 /* icon144.png */,
				E5016301173E539F00E1E748 /* icon72.png */,
				E50162FF173E538900E1E748 /* icon@2x.png */,
				E50162FD173E537600E1E748 /* icon.png */,
				E5C719FA17283A8900C847A6 /* Fantasy */,
				E5C719F317283A8900C847A6 /* Frameworks */,
				E5C719F217283A8900C847A6 /* Products */,
			);
			sourceTree = "<group>";
		};
		E5C719F217283A8900C847A6 /* Products */ = {
			isa = PBXGroup;
			children = (
				E5C719F117283A8900C847A6 /* Fantasy.app */,
			);
			name = Products;
			sourceTree = "<group>";
		};
		E5C719F317283A8900C847A6 /* Frameworks */ = {
			isa = PBXGroup;
			children = (
				E51BBEFB172928740043C73D /* CFNetwork.framework */,
				E53C7DD01728E13B00995604 /* Security.framework */,
				E5C71A5A17284EE200C847A6 /* SystemConfiguration.framework */,
				E5C71A5C17284EE900C847A6 /* MobileCoreServices.framework */,
				E5C719F417283A8900C847A6 /* UIKit.framework */,
				E5C719F617283A8900C847A6 /* Foundation.framework */,
				E5C719F817283A8900C847A6 /* CoreGraphics.framework */,
			);
			name = Frameworks;
			sourceTree = "<group>";
		};
		E5C719FA17283A8900C847A6 /* Fantasy */ = {
			isa = PBXGroup;
			children = (
				E506908B1732CD37001A8F56 /* Utils */,
				E5C71A651728682300C847A6 /* Categories */,
				E5C71A3217283BF200C847A6 /* External */,
				E5C71A1117283B1300C847A6 /* Singleton Managers */,
				E5C71A5517283FC000C847A6 /* Controllers */,
				E5C71A5E1728544600C847A6 /* Model */,
				E5C71A0317283A8900C847A6 /* AppDelegate.h */,
				E54C302E1729F0B6005E9502 /* View */,
				E5C71A0417283A8900C847A6 /* AppDelegate.m */,
				E5C71A59172842DB00C847A6 /* Constants.h */,
				E5C719FB17283A8900C847A6 /* Supporting Files */,
			);
			path = Fantasy;
			sourceTree = "<group>";
		};
		E5C719FB17283A8900C847A6 /* Supporting Files */ = {
			isa = PBXGroup;
			children = (
				E54C2FDC1729B572005E9502 /* images */,
				E5C719FC17283A8900C847A6 /* Fantasy-Info.plist */,
				E5C719FD17283A8900C847A6 /* InfoPlist.strings */,
				E5C71A0017283A8900C847A6 /* main.m */,
				E5C71A0217283A8900C847A6 /* Fantasy-Prefix.pch */,
				E5C71A0617283A8900C847A6 /* Default.png */,
				E5C71A0817283A8900C847A6 /* Default@2x.png */,
				E5C71A0A17283A8900C847A6 /* Default-568h@2x.png */,
				E5C71A5317283FB400C847A6 /* FantasyStory.storyboard */,
			);
			name = "Supporting Files";
			sourceTree = "<group>";
		};
		E5C71A1117283B1300C847A6 /* Singleton Managers */ = {
			isa = PBXGroup;
			children = (
				E5C71A5017283CB200C847A6 /* YahooClient.h */,
				E5C71A5117283CB200C847A6 /* YahooClient.m */,
			);
			name = "Singleton Managers";
			sourceTree = "<group>";
		};
		E5C71A3217283BF200C847A6 /* External */ = {
			isa = PBXGroup;
			children = (
				E54C30361729FE8C005E9502 /* Image Downloader */,
			);
			name = External;
			sourceTree = "<group>";
		};
		E5C71A5517283FC000C847A6 /* Controllers */ = {
			isa = PBXGroup;
			children = (
				E5C71A5617283FDA00C847A6 /* AuthViewController.h */,
				E5C71A5717283FDA00C847A6 /* AuthViewController.m */,
				E51BBF031729A4350043C73D /* HomeViewController.h */,
				E51BBF041729A4350043C73D /* HomeViewController.m */,
				E54C300E1729C2FC005E9502 /* ScoreboardViewController.h */,
				E54C300F1729C2FC005E9502 /* ScoreboardViewController.m */,
				E54C30111729C307005E9502 /* MyTeamViewController.h */,
				E54C30121729C307005E9502 /* MyTeamViewController.m */,
				E54C301A1729C341005E9502 /* MyRosterViewController.h */,
				E54C301B1729C341005E9502 /* MyRosterViewController.m */,
				E54C30141729C315005E9502 /* StandingsViewController.h */,
				E54C30151729C316005E9502 /* StandingsViewController.m */,
				E54C301D1729C44F005E9502 /* StatsViewController.h */,
				E54C301E1729C44F005E9502 /* StatsViewController.m */,
				E54C30171729C32C005E9502 /* LeagueViewController.h */,
				E54C30181729C32C005E9502 /* LeagueViewController.m */,
				E506908417326C62001A8F56 /* TeamsViewController.h */,
				E506908517326C62001A8F56 /* TeamsViewController.m */,
				E54C3058172A3BC3005E9502 /* PlayersViewController.h */,
				E54C3059172A3BC4005E9502 /* PlayersViewController.m */,
			);
			name = Controllers;
			sourceTree = "<group>";
		};
		E5C71A5E1728544600C847A6 /* Model */ = {
			isa = PBXGroup;
			children = (
				E51BBEFD172967570043C73D /* AuthRequest.h */,
				E51BBEFE172967570043C73D /* AuthRequest.m */,
				E51BBF00172982090043C73D /* AccessToken.h */,
				E51BBF01172982090043C73D /* AccessToken.m */,
				E54C30281729D483005E9502 /* Team.h */,
				E54C30291729D483005E9502 /* Team.m */,
				E54C302B1729D859005E9502 /* Player.h */,
				E54C302C1729D859005E9502 /* Player.m */,
				E54C306B172ACD05005E9502 /* Scoreboard.h */,
				E54C306C172ACD05005E9502 /* Scoreboard.m */,
				E54C304F172A263E005E9502 /* Stats.h */,
				E54C3050172A263E005E9502 /* Stats.m */,
				E506907817324E53001A8F56 /* Game.h */,
				E506907917324E53001A8F56 /* Game.m */,
				E506907B17325E7B001A8F56 /* League.h */,
				E506907C17325E7B001A8F56 /* League.m */,
			);
			name = Model;
			sourceTree = "<group>";
		};
		E5C71A651728682300C847A6 /* Categories */ = {
			isa = PBXGroup;
			children = (
				E5C71A661728682C00C847A6 /* NSDictionary+QueryString.h */,
				E5C71A671728682C00C847A6 /* NSDictionary+QueryString.m */,
				E5C71A6917286A5400C847A6 /* NSString+URLEncoding.h */,
				E5C71A6A17286A5400C847A6 /* NSString+URLEncoding.m */,
				E53C7EC01729093400995604 /* NSData+Base64.h */,
				E53C7EC11729093400995604 /* NSData+Base64.m */,
				E53C7F3D1729190300995604 /* NSString+RegEx.h */,
				E53C7F3B172918F600995604 /* NSString+RegEx.m */,
				E506907E17326265001A8F56 /* NSObject+CommonInit.h */,
				E506907F17326265001A8F56 /* NSObject+CommonInit.m */,
			);
			name = Categories;
			sourceTree = "<group>";
		};
/* End PBXGroup section */

/* Begin PBXNativeTarget section */
		E5C719F017283A8900C847A6 /* Fantasy */ = {
			isa = PBXNativeTarget;
			buildConfigurationList = E5C71A0E17283A8900C847A6 /* Build configuration list for PBXNativeTarget "Fantasy" */;
			buildPhases = (
				E5C719ED17283A8900C847A6 /* Sources */,
				E5C719EE17283A8900C847A6 /* Frameworks */,
				E5C719EF17283A8900C847A6 /* Resources */,
			);
			buildRules = (
			);
			dependencies = (
			);
			name = Fantasy;
			productName = Fantasy;
			productReference = E5C719F117283A8900C847A6 /* Fantasy.app */;
			productType = "com.apple.product-type.application";
		};
/* End PBXNativeTarget section */

/* Begin PBXProject section */
		E5C719E917283A8900C847A6 /* Project object */ = {
			isa = PBXProject;
			attributes = {
				LastUpgradeCheck = 0460;
				ORGANIZATIONNAME = "Jennifer Duffey";
			};
			buildConfigurationList = E5C719EC17283A8900C847A6 /* Build configuration list for PBXProject "Fantasy" */;
			compatibilityVersion = "Xcode 3.2";
			developmentRegion = English;
			hasScannedForEncodings = 0;
			knownRegions = (
				en,
			);
			mainGroup = E5C719E817283A8900C847A6;
			productRefGroup = E5C719F217283A8900C847A6 /* Products */;
			projectDirPath = "";
			projectRoot = "";
			targets = (
				E5C719F017283A8900C847A6 /* Fantasy */,
			);
		};
/* End PBXProject section */

/* Begin PBXResourcesBuildPhase section */
		E5C719EF17283A8900C847A6 /* Resources */ = {
			isa = PBXResourcesBuildPhase;
			buildActionMask = 2147483647;
			files = (
				E5C719FF17283A8900C847A6 /* InfoPlist.strings in Resources */,
				E5C71A0717283A8900C847A6 /* Default.png in Resources */,
				E5C71A0917283A8900C847A6 /* Default@2x.png in Resources */,
				E5C71A0B17283A8900C847A6 /* Default-568h@2x.png in Resources */,
				E5C71A5417283FB400C847A6 /* FantasyStory.storyboard in Resources */,
				E54C2FE11729B58F005E9502 /* baseball_tab.png in Resources */,
				E54C2FE21729B58F005E9502 /* baseball_tab@2x.png in Resources */,
				E54C2FE31729B58F005E9502 /* yahoo_tab.png in Resources */,
				E54C2FE41729B58F005E9502 /* yahoo_tab@2x.png in Resources */,
				E54C2FEB1729B7F3005E9502 /* baseball_ball_tab.png in Resources */,
				E54C2FEC1729B7F3005E9502 /* baseball_ball_tab@2x.png in Resources */,
				E54C2FED1729B7F3005E9502 /* stats_tab.png in Resources */,
				E54C2FEE1729B7F3005E9502 /* stats_tab@2x.png in Resources */,
				E54C2FEF1729B7F3005E9502 /* trophy_tab.png in Resources */,
				E54C2FF01729B7F3005E9502 /* trophy_tab@2x.png in Resources */,
				E54C300C1729C171005E9502 /* scoreboard_tab.png in Resources */,
				E54C300D1729C171005E9502 /* scoreboard_tab@2x.png in Resources */,
				E54C30221729C791005E9502 /* roster_tab.png in Resources */,
				E54C30231729C791005E9502 /* roster_tab@2x.png in Resources */,
				E54C30261729CD8F005E9502 /* home_tab.png in Resources */,
				E54C30271729CD8F005E9502 /* home_tab@2x.png in Resources */,
				E54C3045172A0D7B005E9502 /* news_icon_2.png in Resources */,
				E54C3046172A0D7B005E9502 /* news_icon_2@2x.png in Resources */,
				E54C304B172A0E9D005E9502 /* news_icon_0.png in Resources */,
				E54C304C172A0E9D005E9502 /* news_icon_0@2x.png in Resources */,
				E54C304D172A0E9D005E9502 /* news_icon_1.png in Resources */,
				E54C304E172A0E9D005E9502 /* news_icon_1@2x.png in Resources */,
				E54C305F172A5027005E9502 /* players_icon_2.png in Resources */,
				E54C3060172A5027005E9502 /* players_icon_2@2x.png in Resources */,
				E54C3061172A5027005E9502 /* players_icon.png in Resources */,
				E54C3062172A5027005E9502 /* players_icon@2x.png in Resources */,
				E54C3067172AB0CB005E9502 /* top_bar_0.png in Resources */,
				E54C3068172AB0CB005E9502 /* top_bar_0@2x.png in Resources */,
				E54C3069172AB0CB005E9502 /* top_bar_1.png in Resources */,
				E54C306A172AB0CB005E9502 /* top_bar_1@2x.png in Resources */,
				E5B39370172AE70100C994E2 /* standings_tab.png in Resources */,
				E5B39371172AE70100C994E2 /* standings_tab@2x.png in Resources */,
				E5B39379172B02AE00C994E2 /* ban.png in Resources */,
				E5B3937A172B02AE00C994E2 /* ban@2x.png in Resources */,
				E5B3937B172B02AE00C994E2 /* lock.png in Resources */,
				E5B3937C172B02AE00C994E2 /* lock@2x.png in Resources */,
				E506908917327A54001A8F56 /* team_tab.png in Resources */,
				E506908A17327A54001A8F56 /* team_tab@2x.png in Resources */,
				E50162FE173E537600E1E748 /* icon.png in Resources */,
				E5016300173E538900E1E748 /* icon@2x.png in Resources */,
				E5016302173E539F00E1E748 /* icon72.png in Resources */,
				E5016304173E53B100E1E748 /* icon144.png in Resources */,
			);
			runOnlyForDeploymentPostprocessing = 0;
		};
/* End PBXResourcesBuildPhase section */

/* Begin PBXSourcesBuildPhase section */
		E5C719ED17283A8900C847A6 /* Sources */ = {
			isa = PBXSourcesBuildPhase;
			buildActionMask = 2147483647;
			files = (
				E5C71A0117283A8900C847A6 /* main.m in Sources */,
				E5C71A0517283A8900C847A6 /* AppDelegate.m in Sources */,
				E5C71A5217283CB200C847A6 /* YahooClient.m in Sources */,
				E5C71A5817283FDA00C847A6 /* AuthViewController.m in Sources */,
				E5C71A681728682C00C847A6 /* NSDictionary+QueryString.m in Sources */,
				E5C71A6B17286A5400C847A6 /* NSString+URLEncoding.m in Sources */,
				E53C7EC21729093400995604 /* NSData+Base64.m in Sources */,
				E53C7F3C172918F600995604 /* NSString+RegEx.m in Sources */,
				E51BBEFF172967570043C73D /* AuthRequest.m in Sources */,
				E51BBF02172982090043C73D /* AccessToken.m in Sources */,
				E51BBF051729A4350043C73D /* HomeViewController.m in Sources */,
				E54C30101729C2FC005E9502 /* ScoreboardViewController.m in Sources */,
				E54C30131729C307005E9502 /* MyTeamViewController.m in Sources */,
				E54C30161729C316005E9502 /* StandingsViewController.m in Sources */,
				E54C30191729C32D005E9502 /* LeagueViewController.m in Sources */,
				E54C301C1729C341005E9502 /* MyRosterViewController.m in Sources */,
				E54C301F1729C44F005E9502 /* StatsViewController.m in Sources */,
				E54C302A1729D484005E9502 /* Team.m in Sources */,
				E54C302D1729D859005E9502 /* Player.m in Sources */,
				E54C30311729F105005E9502 /* CircleView.m in Sources */,
				E54C30351729F87C005E9502 /* PlayerCell.m in Sources */,
				E54C30391729FEA6005E9502 /* UIImageView+AFNetworking.m in Sources */,
				E54C303C1729FEC1005E9502 /* AFImageRequestOperation.m in Sources */,
				E54C303F1729FEE2005E9502 /* AFHTTPRequestOperation.m in Sources */,
				E54C30421729FEF4005E9502 /* AFURLConnectionOperation.m in Sources */,
				E54C3051172A263E005E9502 /* Stats.m in Sources */,
				E54C3057172A3499005E9502 /* StatsCell.m in Sources */,
				E54C305A172A3BC4005E9502 /* PlayersViewController.m in Sources */,
				E54C306D172ACD05005E9502 /* Scoreboard.m in Sources */,
				E54C3070172AD1B6005E9502 /* MatchUpCell.m in Sources */,
				E5B39374172AEA8600C994E2 /* StandingsCell.m in Sources */,
				E506907A17324E53001A8F56 /* Game.m in Sources */,
				E506907D17325E7B001A8F56 /* League.m in Sources */,
				E506908017326265001A8F56 /* NSObject+CommonInit.m in Sources */,
				E506908617326C62001A8F56 /* TeamsViewController.m in Sources */,
				E506908E1732CD49001A8F56 /* YOAuthUtil.m in Sources */,
				E50690921732D05C001A8F56 /* Base64Transcoder.c in Sources */,
				E50690951732DD9C001A8F56 /* GTMBase64.m in Sources */,
				E57F239D1748F3E400C2B614 /* OauthRequestSigner.m in Sources */,
			);
			runOnlyForDeploymentPostprocessing = 0;
		};
/* End PBXSourcesBuildPhase section */

/* Begin PBXVariantGroup section */
		E5C719FD17283A8900C847A6 /* InfoPlist.strings */ = {
			isa = PBXVariantGroup;
			children = (
				E5C719FE17283A8900C847A6 /* en */,
			);
			name = InfoPlist.strings;
			sourceTree = "<group>";
		};
/* End PBXVariantGroup section */

/* Begin XCBuildConfiguration section */
		E5C71A0C17283A8900C847A6 /* Debug */ = {
			isa = XCBuildConfiguration;
			buildSettings = {
				ALWAYS_SEARCH_USER_PATHS = NO;
				CLANG_CXX_LANGUAGE_STANDARD = "gnu++0x";
				CLANG_CXX_LIBRARY = "libc++";
				CLANG_ENABLE_OBJC_ARC = YES;
				CLANG_WARN_CONSTANT_CONVERSION = YES;
				CLANG_WARN_EMPTY_BODY = YES;
				CLANG_WARN_ENUM_CONVERSION = YES;
				CLANG_WARN_INT_CONVERSION = YES;
				CLANG_WARN__DUPLICATE_METHOD_MATCH = YES;
				"CODE_SIGN_IDENTITY[sdk=iphoneos*]" = "iPhone Developer";
				COPY_PHASE_STRIP = NO;
				GCC_C_LANGUAGE_STANDARD = gnu99;
				GCC_DYNAMIC_NO_PIC = NO;
				GCC_OPTIMIZATION_LEVEL = 0;
				GCC_PREPROCESSOR_DEFINITIONS = (
					"DEBUG=1",
					"$(inherited)",
				);
				GCC_SYMBOLS_PRIVATE_EXTERN = NO;
				GCC_WARN_ABOUT_RETURN_TYPE = YES;
				GCC_WARN_UNINITIALIZED_AUTOS = YES;
				GCC_WARN_UNUSED_VARIABLE = YES;
				IPHONEOS_DEPLOYMENT_TARGET = 6.1;
				ONLY_ACTIVE_ARCH = YES;
				SDKROOT = iphoneos;
				TARGETED_DEVICE_FAMILY = "1,2";
			};
			name = Debug;
		};
		E5C71A0D17283A8900C847A6 /* Release */ = {
			isa = XCBuildConfiguration;
			buildSettings = {
				ALWAYS_SEARCH_USER_PATHS = NO;
				CLANG_CXX_LANGUAGE_STANDARD = "gnu++0x";
				CLANG_CXX_LIBRARY = "libc++";
				CLANG_ENABLE_OBJC_ARC = YES;
				CLANG_WARN_CONSTANT_CONVERSION = YES;
				CLANG_WARN_EMPTY_BODY = YES;
				CLANG_WARN_ENUM_CONVERSION = YES;
				CLANG_WARN_INT_CONVERSION = YES;
				CLANG_WARN__DUPLICATE_METHOD_MATCH = YES;
				"CODE_SIGN_IDENTITY[sdk=iphoneos*]" = "iPhone Developer";
				COPY_PHASE_STRIP = YES;
				GCC_C_LANGUAGE_STANDARD = gnu99;
				GCC_WARN_ABOUT_RETURN_TYPE = YES;
				GCC_WARN_UNINITIALIZED_AUTOS = YES;
				GCC_WARN_UNUSED_VARIABLE = YES;
				IPHONEOS_DEPLOYMENT_TARGET = 6.1;
				OTHER_CFLAGS = "-DNS_BLOCK_ASSERTIONS=1";
				SDKROOT = iphoneos;
				TARGETED_DEVICE_FAMILY = "1,2";
				VALIDATE_PRODUCT = YES;
			};
			name = Release;
		};
		E5C71A0F17283A8900C847A6 /* Debug */ = {
			isa = XCBuildConfiguration;
			buildSettings = {
				CLANG_ENABLE_OBJC_ARC = YES;
				GCC_PRECOMPILE_PREFIX_HEADER = YES;
				GCC_PREFIX_HEADER = "Fantasy/Fantasy-Prefix.pch";
				INFOPLIST_FILE = "Fantasy/Fantasy-Info.plist";
				PRODUCT_NAME = "$(TARGET_NAME)";
				WRAPPER_EXTENSION = app;
			};
			name = Debug;
		};
		E5C71A1017283A8900C847A6 /* Release */ = {
			isa = XCBuildConfiguration;
			buildSettings = {
				CLANG_ENABLE_OBJC_ARC = YES;
				GCC_PRECOMPILE_PREFIX_HEADER = YES;
				GCC_PREFIX_HEADER = "Fantasy/Fantasy-Prefix.pch";
				INFOPLIST_FILE = "Fantasy/Fantasy-Info.plist";
				PRODUCT_NAME = "$(TARGET_NAME)";
				WRAPPER_EXTENSION = app;
			};
			name = Release;
		};
/* End XCBuildConfiguration section */

/* Begin XCConfigurationList section */
		E5C719EC17283A8900C847A6 /* Build configuration list for PBXProject "Fantasy" */ = {
			isa = XCConfigurationList;
			buildConfigurations = (
				E5C71A0C17283A8900C847A6 /* Debug */,
				E5C71A0D17283A8900C847A6 /* Release */,
			);
			defaultConfigurationIsVisible = 0;
			defaultConfigurationName = Release;
		};
		E5C71A0E17283A8900C847A6 /* Build configuration list for PBXNativeTarget "Fantasy" */ = {
			isa = XCConfigurationList;
			buildConfigurations = (
				E5C71A0F17283A8900C847A6 /* Debug */,
				E5C71A1017283A8900C847A6 /* Release */,
			);
			defaultConfigurationIsVisible = 0;
			defaultConfigurationName = Release;
		};
/* End XCConfigurationList section */
	};
	rootObject = E5C719E917283A8900C847A6 /* Project object */;
}
